
Microsoft Visual Studio Solution File, Format Version 12.00
# Visual Studio Version 17
VisualStudioVersion = 17.6.33723.286
MinimumVisualStudioVersion = 10.0.40219.1
Project("{FAE04EC0-301F-11D3-BF4B-00C04F79EFBC}") = "ModificarArchivos", "ModificarArchivos\ModificarArchivos.csproj", "{EBE1D7C2-A985-4C24-ABD1-710F42DF4502}"
EndProject
Global
	GlobalSection(SolutionConfigurationPlatforms) = preSolution
		Debug|Any CPU = Debug|Any CPU
		Release|Any CPU = Release|Any CPU
	EndGlobalSection
	GlobalSection(ProjectConfigurationPlatforms) = postSolution
		{EBE1D7C2-A985-4C24-ABD1-710F42DF4502}.Debug|Any CPU.ActiveCfg = Debug|Any CPU
		{EBE1D7C2-A985-4C24-ABD1-710F42DF4502}.Debug|Any CPU.Build.0 = Debug|Any CPU
		{EBE1D7C2-A985-4C24-ABD1-710F42DF4502}.Release|Any CPU.ActiveCfg = Release|Any CPU
		{EBE1D7C2-A985-4C24-ABD1-710F42DF4502}.Release|Any CPU.Build.0 = Release|Any CPU
	EndGlobalSection
	GlobalSection(SolutionProperties) = preSolution
		HideSolutionNode = FALSE
	EndGlobalSection
	GlobalSection(ExtensibilityGlobals) = postSolution
		SolutionGuid = {35D483CA-171A-419C-9E38-B64F482EA7C5}
	EndGlobalSection
EndGlobal
